// !$*UTF8*$!
{
	archiveVersion = 1;
	classes = {
	};
	objectVersion = 56;
	objects = {

/* Begin PBXBuildFile section */
		4B534C915C4DBCCC8AB5947D /* Pods_UserList.framework in Frameworks */ = {isa = PBXBuildFile; fileRef = E26CFA64F4DA8803127D284F /* Pods_UserList.framework */; };
		F894A6FB2C08070D0039B021 /* TabButtonView.swift in Sources */ = {isa = PBXBuildFile; fileRef = F894A6FA2C08070D0039B021 /* TabButtonView.swift */; };
		F894A6FD2C0843AF0039B021 /* SearchUserTextField.swift in Sources */ = {isa = PBXBuildFile; fileRef = F894A6FC2C0843AF0039B021 /* SearchUserTextField.swift */; };
		F894A6FF2C08700B0039B021 /* Secret.plist in Resources */ = {isa = PBXBuildFile; fileRef = F894A6FE2C08700B0039B021 /* Secret.plist */; };
		F894A7042C0874490039B021 /* Extension + Bundle.swift in Sources */ = {isa = PBXBuildFile; fileRef = F894A7032C0874490039B021 /* Extension + Bundle.swift */; };
		F894A7062C09597D0039B021 /* ListCollectionViewCell.swift in Sources */ = {isa = PBXBuildFile; fileRef = F894A7052C09597D0039B021 /* ListCollectionViewCell.swift */; };
		F894A79D2C0B28590039B021 /* UserCollectionViewHeader.swift in Sources */ = {isa = PBXBuildFile; fileRef = F894A79C2C0B28590039B021 /* UserCollectionViewHeader.swift */; };
		F8AF666F2C0C293300CD7446 /* UserListViewController.swift in Sources */ = {isa = PBXBuildFile; fileRef = F8AF666E2C0C293300CD7446 /* UserListViewController.swift */; };
		F8C1E33E2C045C3C00D3F607 /* AppDelegate.swift in Sources */ = {isa = PBXBuildFile; fileRef = F8C1E33D2C045C3C00D3F607 /* AppDelegate.swift */; };
		F8C1E3402C045C3C00D3F607 /* SceneDelegate.swift in Sources */ = {isa = PBXBuildFile; fileRef = F8C1E33F2C045C3C00D3F607 /* SceneDelegate.swift */; };
		F8C1E3422C045C3C00D3F607 /* UserViewController.swift in Sources */ = {isa = PBXBuildFile; fileRef = F8C1E3412C045C3C00D3F607 /* UserViewController.swift */; };
		F8C1E3482C045C3C00D3F607 /* UserList.xcdatamodeld in Sources */ = {isa = PBXBuildFile; fileRef = F8C1E3462C045C3C00D3F607 /* UserList.xcdatamodeld */; };
		F8C1E34A2C045C3D00D3F607 /* Assets.xcassets in Resources */ = {isa = PBXBuildFile; fileRef = F8C1E3492C045C3D00D3F607 /* Assets.xcassets */; };
		F8C1E3552C04943400D3F607 /* NetworkManager.swift in Sources */ = {isa = PBXBuildFile; fileRef = F8C1E3542C04943400D3F607 /* NetworkManager.swift */; };
		F8C1E3572C04A05500D3F607 /* UserNetwork.swift in Sources */ = {isa = PBXBuildFile; fileRef = F8C1E3562C04A05500D3F607 /* UserNetwork.swift */; };
		F8C1E35A2C05ACBE00D3F607 /* NetworkError.swift in Sources */ = {isa = PBXBuildFile; fileRef = F8C1E3592C05ACBE00D3F607 /* NetworkError.swift */; };
		F8C1E35D2C05ACDF00D3F607 /* User.swift in Sources */ = {isa = PBXBuildFile; fileRef = F8C1E35C2C05ACDF00D3F607 /* User.swift */; };
		F8C1E3852C05D8BC00D3F607 /* UserRepository.swift in Sources */ = {isa = PBXBuildFile; fileRef = F8C1E3842C05D8BC00D3F607 /* UserRepository.swift */; };
		F8C1E3882C05F50E00D3F607 /* UserCoreData.swift in Sources */ = {isa = PBXBuildFile; fileRef = F8C1E3872C05F50E00D3F607 /* UserCoreData.swift */; };
		F8C1E38A2C05F5A300D3F607 /* CoreDataError.swift in Sources */ = {isa = PBXBuildFile; fileRef = F8C1E3892C05F5A300D3F607 /* CoreDataError.swift */; };
		F8C1E3D82C06BC6200D3F607 /* UserViewModel.swift in Sources */ = {isa = PBXBuildFile; fileRef = F8C1E3D72C06BC6200D3F607 /* UserViewModel.swift */; };
/* End PBXBuildFile section */

/* Begin PBXFileReference section */
		2BEAB22CF8EAC427EBDBB242 /* Pods-UserList.release.xcconfig */ = {isa = PBXFileReference; includeInIndex = 1; lastKnownFileType = text.xcconfig; name = "Pods-UserList.release.xcconfig"; path = "Target Support Files/Pods-UserList/Pods-UserList.release.xcconfig"; sourceTree = "<group>"; };
		E26CFA64F4DA8803127D284F /* Pods_UserList.framework */ = {isa = PBXFileReference; explicitFileType = wrapper.framework; includeInIndex = 0; path = Pods_UserList.framework; sourceTree = BUILT_PRODUCTS_DIR; };
		F49C21FFE6DB5ED9FA504A0B /* Pods-UserList.debug.xcconfig */ = {isa = PBXFileReference; includeInIndex = 1; lastKnownFileType = text.xcconfig; name = "Pods-UserList.debug.xcconfig"; path = "Target Support Files/Pods-UserList/Pods-UserList.debug.xcconfig"; sourceTree = "<group>"; };
		F894A6FA2C08070D0039B021 /* TabButtonView.swift */ = {isa = PBXFileReference; lastKnownFileType = sourcecode.swift; path = TabButtonView.swift; sourceTree = "<group>"; };
		F894A6FC2C0843AF0039B021 /* SearchUserTextField.swift */ = {isa = PBXFileReference; lastKnownFileType = sourcecode.swift; path = SearchUserTextField.swift; sourceTree = "<group>"; };
		F894A6FE2C08700B0039B021 /* Secret.plist */ = {isa = PBXFileReference; lastKnownFileType = text.plist.xml; path = Secret.plist; sourceTree = "<group>"; };
		F894A7032C0874490039B021 /* Extension + Bundle.swift */ = {isa = PBXFileReference; lastKnownFileType = sourcecode.swift; path = "Extension + Bundle.swift"; sourceTree = "<group>"; };
		F894A7052C09597D0039B021 /* ListCollectionViewCell.swift */ = {isa = PBXFileReference; lastKnownFileType = sourcecode.swift; path = ListCollectionViewCell.swift; sourceTree = "<group>"; };
		F894A79C2C0B28590039B021 /* UserCollectionViewHeader.swift */ = {isa = PBXFileReference; lastKnownFileType = sourcecode.swift; path = UserCollectionViewHeader.swift; sourceTree = "<group>"; };
		F8AF666E2C0C293300CD7446 /* UserListViewController.swift */ = {isa = PBXFileReference; lastKnownFileType = sourcecode.swift; path = UserListViewController.swift; sourceTree = "<group>"; };
		F8C1E33A2C045C3C00D3F607 /* UserList.app */ = {isa = PBXFileReference; explicitFileType = wrapper.application; includeInIndex = 0; path = UserList.app; sourceTree = BUILT_PRODUCTS_DIR; };
		F8C1E33D2C045C3C00D3F607 /* AppDelegate.swift */ = {isa = PBXFileReference; lastKnownFileType = sourcecode.swift; path = AppDelegate.swift; sourceTree = "<group>"; };
		F8C1E33F2C045C3C00D3F607 /* SceneDelegate.swift */ = {isa = PBXFileReference; lastKnownFileType = sourcecode.swift; path = SceneDelegate.swift; sourceTree = "<group>"; };
		F8C1E3412C045C3C00D3F607 /* UserViewController.swift */ = {isa = PBXFileReference; lastKnownFileType = sourcecode.swift; path = UserViewController.swift; sourceTree = "<group>"; };
		F8C1E3472C045C3C00D3F607 /* UserList.xcdatamodel */ = {isa = PBXFileReference; lastKnownFileType = wrapper.xcdatamodel; path = UserList.xcdatamodel; sourceTree = "<group>"; };
		F8C1E3492C045C3D00D3F607 /* Assets.xcassets */ = {isa = PBXFileReference; lastKnownFileType = folder.assetcatalog; path = Assets.xcassets; sourceTree = "<group>"; };
		F8C1E34E2C045C3D00D3F607 /* Info.plist */ = {isa = PBXFileReference; lastKnownFileType = text.plist.xml; path = Info.plist; sourceTree = "<group>"; };
		F8C1E3542C04943400D3F607 /* NetworkManager.swift */ = {isa = PBXFileReference; lastKnownFileType = sourcecode.swift; path = NetworkManager.swift; sourceTree = "<group>"; };
		F8C1E3562C04A05500D3F607 /* UserNetwork.swift */ = {isa = PBXFileReference; lastKnownFileType = sourcecode.swift; path = UserNetwork.swift; sourceTree = "<group>"; };
		F8C1E3592C05ACBE00D3F607 /* NetworkError.swift */ = {isa = PBXFileReference; lastKnownFileType = sourcecode.swift; path = NetworkError.swift; sourceTree = "<group>"; };
		F8C1E35C2C05ACDF00D3F607 /* User.swift */ = {isa = PBXFileReference; lastKnownFileType = sourcecode.swift; path = User.swift; sourceTree = "<group>"; };
		F8C1E3842C05D8BC00D3F607 /* UserRepository.swift */ = {isa = PBXFileReference; lastKnownFileType = sourcecode.swift; path = UserRepository.swift; sourceTree = "<group>"; };
		F8C1E3872C05F50E00D3F607 /* UserCoreData.swift */ = {isa = PBXFileReference; lastKnownFileType = sourcecode.swift; path = UserCoreData.swift; sourceTree = "<group>"; };
		F8C1E3892C05F5A300D3F607 /* CoreDataError.swift */ = {isa = PBXFileReference; lastKnownFileType = sourcecode.swift; path = CoreDataError.swift; sourceTree = "<group>"; };
		F8C1E3D72C06BC6200D3F607 /* UserViewModel.swift */ = {isa = PBXFileReference; lastKnownFileType = sourcecode.swift; path = UserViewModel.swift; sourceTree = "<group>"; };
/* End PBXFileReference section */

/* Begin PBXFrameworksBuildPhase section */
		F8C1E3372C045C3C00D3F607 /* Frameworks */ = {
			isa = PBXFrameworksBuildPhase;
			buildActionMask = 2147483647;
			files = (
				4B534C915C4DBCCC8AB5947D /* Pods_UserList.framework in Frameworks */,
			);
			runOnlyForDeploymentPostprocessing = 0;
		};
/* End PBXFrameworksBuildPhase section */

/* Begin PBXGroup section */
		AB4B686311CB9529D8448FD3 /* Pods */ = {
			isa = PBXGroup;
			children = (
				F49C21FFE6DB5ED9FA504A0B /* Pods-UserList.debug.xcconfig */,
				2BEAB22CF8EAC427EBDBB242 /* Pods-UserList.release.xcconfig */,
			);
			path = Pods;
			sourceTree = "<group>";
		};
		DA44A2518331AE8F5AA4AE29 /* Frameworks */ = {
			isa = PBXGroup;
			children = (
				E26CFA64F4DA8803127D284F /* Pods_UserList.framework */,
			);
			name = Frameworks;
			sourceTree = "<group>";
		};
		F894A6F92C0806EE0039B021 /* View */ = {
			isa = PBXGroup;
			children = (
				F894A6FA2C08070D0039B021 /* TabButtonView.swift */,
				F894A79C2C0B28590039B021 /* UserCollectionViewHeader.swift */,
				F894A6FC2C0843AF0039B021 /* SearchUserTextField.swift */,
				F894A7052C09597D0039B021 /* ListCollectionViewCell.swift */,
			);
			path = View;
			sourceTree = "<group>";
		};
		F894A7002C08742D0039B021 /* Extension */ = {
			isa = PBXGroup;
			children = (
				F894A7032C0874490039B021 /* Extension + Bundle.swift */,
			);
			path = Extension;
			sourceTree = "<group>";
		};
		F894A79E2C0B2B020039B021 /* Presentation */ = {
			isa = PBXGroup;
			children = (
				F8C1E3D72C06BC6200D3F607 /* UserViewModel.swift */,
				F8C1E3412C045C3C00D3F607 /* UserViewController.swift */,
				F8AF666E2C0C293300CD7446 /* UserListViewController.swift */,
				F894A6F92C0806EE0039B021 /* View */,
			);
			path = Presentation;
			sourceTree = "<group>";
		};
		F8C1E3312C045C3C00D3F607 = {
			isa = PBXGroup;
			children = (
				F8C1E33C2C045C3C00D3F607 /* UserList */,
				F8C1E33B2C045C3C00D3F607 /* Products */,
				AB4B686311CB9529D8448FD3 /* Pods */,
				DA44A2518331AE8F5AA4AE29 /* Frameworks */,
			);
			sourceTree = "<group>";
		};
		F8C1E33B2C045C3C00D3F607 /* Products */ = {
			isa = PBXGroup;
			children = (
				F8C1E33A2C045C3C00D3F607 /* UserList.app */,
			);
			name = Products;
			sourceTree = "<group>";
		};
		F8C1E33C2C045C3C00D3F607 /* UserList */ = {
			isa = PBXGroup;
			children = (
				F8C1E33D2C045C3C00D3F607 /* AppDelegate.swift */,
				F8C1E33F2C045C3C00D3F607 /* SceneDelegate.swift */,
				F894A79E2C0B2B020039B021 /* Presentation */,
				F894A7002C08742D0039B021 /* Extension */,
				F8C1E3D62C06BC4900D3F607 /* Repository */,
				F8C1E3862C05F4F000D3F607 /* CoreData */,
				F8C1E35B2C05ACD800D3F607 /* Entity */,
				F8C1E3582C05ACB100D3F607 /* Network */,
				F8C1E3492C045C3D00D3F607 /* Assets.xcassets */,
				F8C1E34E2C045C3D00D3F607 /* Info.plist */,
				F894A6FE2C08700B0039B021 /* Secret.plist */,
				F8C1E3462C045C3C00D3F607 /* UserList.xcdatamodeld */,
			);
			path = UserList;
			sourceTree = "<group>";
		};
		F8C1E3582C05ACB100D3F607 /* Network */ = {
			isa = PBXGroup;
			children = (
				F8C1E3542C04943400D3F607 /* NetworkManager.swift */,
				F8C1E3592C05ACBE00D3F607 /* NetworkError.swift */,
				F8C1E3562C04A05500D3F607 /* UserNetwork.swift */,
			);
			path = Network;
			sourceTree = "<group>";
		};
		F8C1E35B2C05ACD800D3F607 /* Entity */ = {
			isa = PBXGroup;
			children = (
				F8C1E35C2C05ACDF00D3F607 /* User.swift */,
			);
			path = Entity;
			sourceTree = "<group>";
		};
		F8C1E3862C05F4F000D3F607 /* CoreData */ = {
			isa = PBXGroup;
			children = (
				F8C1E3872C05F50E00D3F607 /* UserCoreData.swift */,
				F8C1E3892C05F5A300D3F607 /* CoreDataError.swift */,
			);
			path = CoreData;
			sourceTree = "<group>";
		};
		F8C1E3D62C06BC4900D3F607 /* Repository */ = {
			isa = PBXGroup;
			children = (
				F8C1E3842C05D8BC00D3F607 /* UserRepository.swift */,
			);
			path = Repository;
			sourceTree = "<group>";
		};
/* End PBXGroup section */

/* Begin PBXNativeTarget section */
		F8C1E3392C045C3C00D3F607 /* UserList */ = {
			isa = PBXNativeTarget;
			buildConfigurationList = F8C1E3512C045C3D00D3F607 /* Build configuration list for PBXNativeTarget "UserList" */;
			buildPhases = (
				D262149706ACF15673FB0DB3 /* [CP] Check Pods Manifest.lock */,
				F8C1E3362C045C3C00D3F607 /* Sources */,
				F8C1E3372C045C3C00D3F607 /* Frameworks */,
				F8C1E3382C045C3C00D3F607 /* Resources */,
				CBAE6110229CD5D0F3CF48FA /* [CP] Embed Pods Frameworks */,
			);
			buildRules = (
			);
			dependencies = (
			);
			name = UserList;
			productName = UserList;
			productReference = F8C1E33A2C045C3C00D3F607 /* UserList.app */;
			productType = "com.apple.product-type.application";
		};
/* End PBXNativeTarget section */

/* Begin PBXProject section */
		F8C1E3322C045C3C00D3F607 /* Project object */ = {
			isa = PBXProject;
			attributes = {
				BuildIndependentTargetsInParallel = 1;
				LastSwiftUpdateCheck = 1530;
				LastUpgradeCheck = 1530;
				TargetAttributes = {
					F8C1E3392C045C3C00D3F607 = {
						CreatedOnToolsVersion = 15.3;
					};
				};
			};
			buildConfigurationList = F8C1E3352C045C3C00D3F607 /* Build configuration list for PBXProject "UserList" */;
			compatibilityVersion = "Xcode 14.0";
			developmentRegion = en;
			hasScannedForEncodings = 0;
			knownRegions = (
				en,
				Base,
			);
			mainGroup = F8C1E3312C045C3C00D3F607;
			productRefGroup = F8C1E33B2C045C3C00D3F607 /* Products */;
			projectDirPath = "";
			projectRoot = "";
			targets = (
				F8C1E3392C045C3C00D3F607 /* UserList */,
			);
		};
/* End PBXProject section */

/* Begin PBXResourcesBuildPhase section */
		F8C1E3382C045C3C00D3F607 /* Resources */ = {
			isa = PBXResourcesBuildPhase;
			buildActionMask = 2147483647;
			files = (
				F894A6FF2C08700B0039B021 /* Secret.plist in Resources */,
				F8C1E34A2C045C3D00D3F607 /* Assets.xcassets in Resources */,
			);
			runOnlyForDeploymentPostprocessing = 0;
		};
/* End PBXResourcesBuildPhase section */

/* Begin PBXShellScriptBuildPhase section */
		CBAE6110229CD5D0F3CF48FA /* [CP] Embed Pods Frameworks */ = {
			isa = PBXShellScriptBuildPhase;
			buildActionMask = 2147483647;
			files = (
			);
			inputFileListPaths = (
				"${PODS_ROOT}/Target Support Files/Pods-UserList/Pods-UserList-frameworks-${CONFIGURATION}-input-files.xcfilelist",
			);
			name = "[CP] Embed Pods Frameworks";
			outputFileListPaths = (
				"${PODS_ROOT}/Target Support Files/Pods-UserList/Pods-UserList-frameworks-${CONFIGURATION}-output-files.xcfilelist",
			);
			runOnlyForDeploymentPostprocessing = 0;
			shellPath = /bin/sh;
			shellScript = "\"${PODS_ROOT}/Target Support Files/Pods-UserList/Pods-UserList-frameworks.sh\"\n";
			showEnvVarsInLog = 0;
		};
		D262149706ACF15673FB0DB3 /* [CP] Check Pods Manifest.lock */ = {
			isa = PBXShellScriptBuildPhase;
			buildActionMask = 2147483647;
			files = (
			);
			inputFileListPaths = (
			);
			inputPaths = (
				"${PODS_PODFILE_DIR_PATH}/Podfile.lock",
				"${PODS_ROOT}/Manifest.lock",
			);
			name = "[CP] Check Pods Manifest.lock";
			outputFileListPaths = (
			);
			outputPaths = (
				"$(DERIVED_FILE_DIR)/Pods-UserList-checkManifestLockResult.txt",
			);
			runOnlyForDeploymentPostprocessing = 0;
			shellPath = /bin/sh;
			shellScript = "diff \"${PODS_PODFILE_DIR_PATH}/Podfile.lock\" \"${PODS_ROOT}/Manifest.lock\" > /dev/null\nif [ $? != 0 ] ; then\n    # print error to STDERR\n    echo \"error: The sandbox is not in sync with the Podfile.lock. Run 'pod install' or update your CocoaPods installation.\" >&2\n    exit 1\nfi\n# This output is used by Xcode 'outputs' to avoid re-running this script phase.\necho \"SUCCESS\" > \"${SCRIPT_OUTPUT_FILE_0}\"\n";
			showEnvVarsInLog = 0;
		};
/* End PBXShellScriptBuildPhase section */

/* Begin PBXSourcesBuildPhase section */
		F8C1E3362C045C3C00D3F607 /* Sources */ = {
			isa = PBXSourcesBuildPhase;
			buildActionMask = 2147483647;
			files = (
				F8C1E3552C04943400D3F607 /* NetworkManager.swift in Sources */,
				F8C1E3D82C06BC6200D3F607 /* UserViewModel.swift in Sources */,
				F8C1E35A2C05ACBE00D3F607 /* NetworkError.swift in Sources */,
				F8C1E3482C045C3C00D3F607 /* UserList.xcdatamodeld in Sources */,
				F894A6FD2C0843AF0039B021 /* SearchUserTextField.swift in Sources */,
				F8C1E3422C045C3C00D3F607 /* UserViewController.swift in Sources */,
				F8C1E3852C05D8BC00D3F607 /* UserRepository.swift in Sources */,
				F8C1E35D2C05ACDF00D3F607 /* User.swift in Sources */,
				F8C1E3572C04A05500D3F607 /* UserNetwork.swift in Sources */,
				F894A7042C0874490039B021 /* Extension + Bundle.swift in Sources */,
				F894A79D2C0B28590039B021 /* UserCollectionViewHeader.swift in Sources */,
				F894A7062C09597D0039B021 /* ListCollectionViewCell.swift in Sources */,
				F8C1E33E2C045C3C00D3F607 /* AppDelegate.swift in Sources */,
				F8C1E38A2C05F5A300D3F607 /* CoreDataError.swift in Sources */,
				F894A6FB2C08070D0039B021 /* TabButtonView.swift in Sources */,
				F8C1E3402C045C3C00D3F607 /* SceneDelegate.swift in Sources */,
				F8C1E3882C05F50E00D3F607 /* UserCoreData.swift in Sources */,
				F8AF666F2C0C293300CD7446 /* UserListViewController.swift in Sources */,
			);
			runOnlyForDeploymentPostprocessing = 0;
		};
/* End PBXSourcesBuildPhase section */

/* Begin XCBuildConfiguration section */
		F8C1E34F2C045C3D00D3F607 /* Debug */ = {
			isa = XCBuildConfiguration;
			buildSettings = {
				ALWAYS_SEARCH_USER_PATHS = NO;
				ASSETCATALOG_COMPILER_GENERATE_SWIFT_ASSET_SYMBOL_EXTENSIONS = YES;
				CLANG_ANALYZER_NONNULL = YES;
				CLANG_ANALYZER_NUMBER_OBJECT_CONVERSION = YES_AGGRESSIVE;
				CLANG_CXX_LANGUAGE_STANDARD = "gnu++20";
				CLANG_ENABLE_MODULES = YES;
				CLANG_ENABLE_OBJC_ARC = YES;
				CLANG_ENABLE_OBJC_WEAK = YES;
				CLANG_WARN_BLOCK_CAPTURE_AUTORELEASING = YES;
				CLANG_WARN_BOOL_CONVERSION = YES;
				CLANG_WARN_COMMA = YES;
				CLANG_WARN_CONSTANT_CONVERSION = YES;
				CLANG_WARN_DEPRECATED_OBJC_IMPLEMENTATIONS = YES;
				CLANG_WARN_DIRECT_OBJC_ISA_USAGE = YES_ERROR;
				CLANG_WARN_DOCUMENTATION_COMMENTS = YES;
				CLANG_WARN_EMPTY_BODY = YES;
				CLANG_WARN_ENUM_CONVERSION = YES;
				CLANG_WARN_INFINITE_RECURSION = YES;
				CLANG_WARN_INT_CONVERSION = YES;
				CLANG_WARN_NON_LITERAL_NULL_CONVERSION = YES;
				CLANG_WARN_OBJC_IMPLICIT_RETAIN_SELF = YES;
				CLANG_WARN_OBJC_LITERAL_CONVERSION = YES;
				CLANG_WARN_OBJC_ROOT_CLASS = YES_ERROR;
				CLANG_WARN_QUOTED_INCLUDE_IN_FRAMEWORK_HEADER = YES;
				CLANG_WARN_RANGE_LOOP_ANALYSIS = YES;
				CLANG_WARN_STRICT_PROTOTYPES = YES;
				CLANG_WARN_SUSPICIOUS_MOVE = YES;
				CLANG_WARN_UNGUARDED_AVAILABILITY = YES_AGGRESSIVE;
				CLANG_WARN_UNREACHABLE_CODE = YES;
				CLANG_WARN__DUPLICATE_METHOD_MATCH = YES;
				COPY_PHASE_STRIP = NO;
				DEBUG_INFORMATION_FORMAT = dwarf;
				ENABLE_STRICT_OBJC_MSGSEND = YES;
				ENABLE_TESTABILITY = YES;
				ENABLE_USER_SCRIPT_SANDBOXING = YES;
				GCC_C_LANGUAGE_STANDARD = gnu17;
				GCC_DYNAMIC_NO_PIC = NO;
				GCC_NO_COMMON_BLOCKS = YES;
				GCC_OPTIMIZATION_LEVEL = 0;
				GCC_PREPROCESSOR_DEFINITIONS = (
					"DEBUG=1",
					"$(inherited)",
				);
				GCC_WARN_64_TO_32_BIT_CONVERSION = YES;
				GCC_WARN_ABOUT_RETURN_TYPE = YES_ERROR;
				GCC_WARN_UNDECLARED_SELECTOR = YES;
				GCC_WARN_UNINITIALIZED_AUTOS = YES_AGGRESSIVE;
				GCC_WARN_UNUSED_FUNCTION = YES;
				GCC_WARN_UNUSED_VARIABLE = YES;
				IPHONEOS_DEPLOYMENT_TARGET = 14.0;
				LOCALIZATION_PREFERS_STRING_CATALOGS = YES;
				MTL_ENABLE_DEBUG_INFO = INCLUDE_SOURCE;
				MTL_FAST_MATH = YES;
				ONLY_ACTIVE_ARCH = YES;
				SDKROOT = iphoneos;
				SWIFT_ACTIVE_COMPILATION_CONDITIONS = "DEBUG $(inherited)";
				SWIFT_OPTIMIZATION_LEVEL = "-Onone";
			};
			name = Debug;
		};
		F8C1E3502C045C3D00D3F607 /* Release */ = {
			isa = XCBuildConfiguration;
			buildSettings = {
				ALWAYS_SEARCH_USER_PATHS = NO;
				ASSETCATALOG_COMPILER_GENERATE_SWIFT_ASSET_SYMBOL_EXTENSIONS = YES;
				CLANG_ANALYZER_NONNULL = YES;
				CLANG_ANALYZER_NUMBER_OBJECT_CONVERSION = YES_AGGRESSIVE;
				CLANG_CXX_LANGUAGE_STANDARD = "gnu++20";
				CLANG_ENABLE_MODULES = YES;
				CLANG_ENABLE_OBJC_ARC = YES;
				CLANG_ENABLE_OBJC_WEAK = YES;
				CLANG_WARN_BLOCK_CAPTURE_AUTORELEASING = YES;
				CLANG_WARN_BOOL_CONVERSION = YES;
				CLANG_WARN_COMMA = YES;
				CLANG_WARN_CONSTANT_CONVERSION = YES;
				CLANG_WARN_DEPRECATED_OBJC_IMPLEMENTATIONS = YES;
				CLANG_WARN_DIRECT_OBJC_ISA_USAGE = YES_ERROR;
				CLANG_WARN_DOCUMENTATION_COMMENTS = YES;
				CLANG_WARN_EMPTY_BODY = YES;
				CLANG_WARN_ENUM_CONVERSION = YES;
				CLANG_WARN_INFINITE_RECURSION = YES;
				CLANG_WARN_INT_CONVERSION = YES;
				CLANG_WARN_NON_LITERAL_NULL_CONVERSION = YES;
				CLANG_WARN_OBJC_IMPLICIT_RETAIN_SELF = YES;
				CLANG_WARN_OBJC_LITERAL_CONVERSION = YES;
				CLANG_WARN_OBJC_ROOT_CLASS = YES_ERROR;
				CLANG_WARN_QUOTED_INCLUDE_IN_FRAMEWORK_HEADER = YES;
				CLANG_WARN_RANGE_LOOP_ANALYSIS = YES;
				CLANG_WARN_STRICT_PROTOTYPES = YES;
				CLANG_WARN_SUSPICIOUS_MOVE = YES;
				CLANG_WARN_UNGUARDED_AVAILABILITY = YES_AGGRESSIVE;
				CLANG_WARN_UNREACHABLE_CODE = YES;
				CLANG_WARN__DUPLICATE_METHOD_MATCH = YES;
				COPY_PHASE_STRIP = NO;
				DEBUG_INFORMATION_FORMAT = "dwarf-with-dsym";
				ENABLE_NS_ASSERTIONS = NO;
				ENABLE_STRICT_OBJC_MSGSEND = YES;
				ENABLE_USER_SCRIPT_SANDBOXING = YES;
				GCC_C_LANGUAGE_STANDARD = gnu17;
				GCC_NO_COMMON_BLOCKS = YES;
				GCC_WARN_64_TO_32_BIT_CONVERSION = YES;
				GCC_WARN_ABOUT_RETURN_TYPE = YES_ERROR;
				GCC_WARN_UNDECLARED_SELECTOR = YES;
				GCC_WARN_UNINITIALIZED_AUTOS = YES_AGGRESSIVE;
				GCC_WARN_UNUSED_FUNCTION = YES;
				GCC_WARN_UNUSED_VARIABLE = YES;
				IPHONEOS_DEPLOYMENT_TARGET = 14.0;
				LOCALIZATION_PREFERS_STRING_CATALOGS = YES;
				MTL_ENABLE_DEBUG_INFO = NO;
				MTL_FAST_MATH = YES;
				SDKROOT = iphoneos;
				SWIFT_COMPILATION_MODE = wholemodule;
				VALIDATE_PRODUCT = YES;
			};
			name = Release;
		};
		F8C1E3522C045C3D00D3F607 /* Debug */ = {
			isa = XCBuildConfiguration;
			baseConfigurationReference = F49C21FFE6DB5ED9FA504A0B /* Pods-UserList.debug.xcconfig */;
			buildSettings = {
				ASSETCATALOG_COMPILER_APPICON_NAME = AppIcon;
				ASSETCATALOG_COMPILER_GLOBAL_ACCENT_COLOR_NAME = AccentColor;
				CODE_SIGN_STYLE = Automatic;
				CURRENT_PROJECT_VERSION = 1;
				DEVELOPMENT_TEAM = L3B9L4FDBB;
				ENABLE_USER_SCRIPT_SANDBOXING = NO;
				GENERATE_INFOPLIST_FILE = YES;
				INFOPLIST_FILE = UserList/Info.plist;
				INFOPLIST_KEY_UIApplicationSupportsIndirectInputEvents = YES;
				INFOPLIST_KEY_UILaunchStoryboardName = LaunchScreen;
				INFOPLIST_KEY_UIMainStoryboardFile = "";
				INFOPLIST_KEY_UISupportedInterfaceOrientations_iPad = "UIInterfaceOrientationPortrait UIInterfaceOrientationPortraitUpsideDown UIInterfaceOrientationLandscapeLeft UIInterfaceOrientationLandscapeRight";
				INFOPLIST_KEY_UISupportedInterfaceOrientations_iPhone = "UIInterfaceOrientationPortrait UIInterfaceOrientationLandscapeLeft UIInterfaceOrientationLandscapeRight";
				LD_RUNPATH_SEARCH_PATHS = (
					"$(inherited)",
					"@executable_path/Frameworks",
				);
				MARKETING_VERSION = 1.0;
				PRODUCT_BUNDLE_IDENTIFIER = inc.paytalab.UserList;
				PRODUCT_NAME = "$(TARGET_NAME)";
				SWIFT_EMIT_LOC_STRINGS = YES;
				SWIFT_VERSION = 5.0;
				TARGETED_DEVICE_FAMILY = "1,2";
			};
			name = Debug;
		};
		F8C1E3532C045C3D00D3F607 /* Release */ = {
			isa = XCBuildConfiguration;
			baseConfigurationReference = 2BEAB22CF8EAC427EBDBB242 /* Pods-UserList.release.xcconfig */;
			buildSettings = {
				ASSETCATALOG_COMPILER_APPICON_NAME = AppIcon;
				ASSETCATALOG_COMPILER_GLOBAL_ACCENT_COLOR_NAME = AccentColor;
				CODE_SIGN_STYLE = Automatic;
				CURRENT_PROJECT_VERSION = 1;
				DEVELOPMENT_TEAM = L3B9L4FDBB;
				ENABLE_USER_SCRIPT_SANDBOXING = NO;
				GENERATE_INFOPLIST_FILE = YES;
				INFOPLIST_FILE = UserList/Info.plist;
				INFOPLIST_KEY_UIApplicationSupportsIndirectInputEvents = YES;
				INFOPLIST_KEY_UILaunchStoryboardName = LaunchScreen;
				INFOPLIST_KEY_UIMainStoryboardFile = "";
				INFOPLIST_KEY_UISupportedInterfaceOrientations_iPad = "UIInterfaceOrientationPortrait UIInterfaceOrientationPortraitUpsideDown UIInterfaceOrientationLandscapeLeft UIInterfaceOrientationLandscapeRight";
				INFOPLIST_KEY_UISupportedInterfaceOrientations_iPhone = "UIInterfaceOrientationPortrait UIInterfaceOrientationLandscapeLeft UIInterfaceOrientationLandscapeRight";
				LD_RUNPATH_SEARCH_PATHS = (
					"$(inherited)",
					"@executable_path/Frameworks",
				);
				MARKETING_VERSION = 1.0;
				PRODUCT_BUNDLE_IDENTIFIER = inc.paytalab.UserList;
				PRODUCT_NAME = "$(TARGET_NAME)";
				SWIFT_EMIT_LOC_STRINGS = YES;
				SWIFT_VERSION = 5.0;
				TARGETED_DEVICE_FAMILY = "1,2";
			};
			name = Release;
		};
/* End XCBuildConfiguration section */

/* Begin XCConfigurationList section */
		F8C1E3352C045C3C00D3F607 /* Build configuration list for PBXProject "UserList" */ = {
			isa = XCConfigurationList;
			buildConfigurations = (
				F8C1E34F2C045C3D00D3F607 /* Debug */,
				F8C1E3502C045C3D00D3F607 /* Release */,
			);
			defaultConfigurationIsVisible = 0;
			defaultConfigurationName = Release;
		};
		F8C1E3512C045C3D00D3F607 /* Build configuration list for PBXNativeTarget "UserList" */ = {
			isa = XCConfigurationList;
			buildConfigurations = (
				F8C1E3522C045C3D00D3F607 /* Debug */,
				F8C1E3532C045C3D00D3F607 /* Release */,
			);
			defaultConfigurationIsVisible = 0;
			defaultConfigurationName = Release;
		};
/* End XCConfigurationList section */

/* Begin XCVersionGroup section */
		F8C1E3462C045C3C00D3F607 /* UserList.xcdatamodeld */ = {
			isa = XCVersionGroup;
			children = (
				F8C1E3472C045C3C00D3F607 /* UserList.xcdatamodel */,
			);
			currentVersion = F8C1E3472C045C3C00D3F607 /* UserList.xcdatamodel */;
			path = UserList.xcdatamodeld;
			sourceTree = "<group>";
			versionGroupType = wrapper.xcdatamodel;
		};
/* End XCVersionGroup section */
	};
	rootObject = F8C1E3322C045C3C00D3F607 /* Project object */;
}
